
Microsoft Visual Studio Solution File, Format Version 12.00
# Visual Studio Version 16
VisualStudioVersion = 16.0.29424.173
MinimumVisualStudioVersion = 10.0.40219.1
Project("{FAE04EC0-301F-11D3-BF4B-00C04F79EFBC}") = "EDIFACTMessageParser", ".\EDIFACTMessageParser\EDIFACTMessageParser.csproj", "{BBE08ACF-8F72-43B6-942D-010B537CAFAD}"
EndProject
Project("{FAE04EC0-301F-11D3-BF4B-00C04F79EFBC}") = "EDIFACTMessageParserUnitTests", ".\EDIFACTMessageParserUnitTests\EDIFACTMessageParserUnitTests.csproj", "{ABA34483-E3B9-4765-B186-F61757F4E7B9}"
EndProject
Global
	GlobalSection(SolutionConfigurationPlatforms) = preSolution
		Debug|Any CPU = Debug|Any CPU
		Release|Any CPU = Release|Any CPU
	EndGlobalSection
	GlobalSection(ProjectConfigurationPlatforms) = postSolution
		{BBE08ACF-8F72-43B6-942D-010B537CAFAD}.Debug|Any CPU.ActiveCfg = Debug|Any CPU
		{BBE08ACF-8F72-43B6-942D-010B537CAFAD}.Debug|Any CPU.Build.0 = Debug|Any CPU
		{BBE08ACF-8F72-43B6-942D-010B537CAFAD}.Release|Any CPU.ActiveCfg = Release|Any CPU
		{BBE08ACF-8F72-43B6-942D-010B537CAFAD}.Release|Any CPU.Build.0 = Release|Any CPU
		{ABA34483-E3B9-4765-B186-F61757F4E7B9}.Debug|Any CPU.ActiveCfg = Debug|Any CPU
		{ABA34483-E3B9-4765-B186-F61757F4E7B9}.Debug|Any CPU.Build.0 = Debug|Any CPU
		{ABA34483-E3B9-4765-B186-F61757F4E7B9}.Release|Any CPU.ActiveCfg = Release|Any CPU
		{ABA34483-E3B9-4765-B186-F61757F4E7B9}.Release|Any CPU.Build.0 = Release|Any CPU
	EndGlobalSection
	GlobalSection(SolutionProperties) = preSolution
		HideSolutionNode = FALSE
	EndGlobalSection
	GlobalSection(ExtensibilityGlobals) = postSolution
		SolutionGuid = {C74D853D-24E4-4625-A602-44E1D6310B7A}
	EndGlobalSection
EndGlobal
